
Microsoft Visual Studio Solution File, Format Version 12.00
# Visual Studio 15
VisualStudioVersion = 15.0.28307.421
MinimumVisualStudioVersion = 10.0.40219.1
Project("{FAE04EC0-301F-11D3-BF4B-00C04F79EFBC}") = "LeetCode", "LeetCode\LeetCode.csproj", "{9E8471F7-FB7B-48B0-A7B4-35A4A3EB3A5E}"
EndProject
Global
	GlobalSection(SolutionConfigurationPlatforms) = preSolution
		Debug|Any CPU = Debug|Any CPU
		Release|Any CPU = Release|Any CPU
	EndGlobalSection
	GlobalSection(ProjectConfigurationPlatforms) = postSolution
		{9E8471F7-FB7B-48B0-A7B4-35A4A3EB3A5E}.Debug|Any CPU.ActiveCfg = Debug|Any CPU
		{9E8471F7-FB7B-48B0-A7B4-35A4A3EB3A5E}.Debug|Any CPU.Build.0 = Debug|Any CPU
		{9E8471F7-FB7B-48B0-A7B4-35A4A3EB3A5E}.Release|Any CPU.ActiveCfg = Release|Any CPU
		{9E8471F7-FB7B-48B0-A7B4-35A4A3EB3A5E}.Release|Any CPU.Build.0 = Release|Any CPU
	EndGlobalSection
	GlobalSection(SolutionProperties) = preSolution
		HideSolutionNode = FALSE
	EndGlobalSection
	GlobalSection(ExtensibilityGlobals) = postSolution
		SolutionGuid = {796D09E4-A0CA-42FF-8F2B-43C9CB73B56A}
	EndGlobalSection
EndGlobal
